
Microsoft Visual Studio Solution File, Format Version 12.00
# Visual Studio Version 17
VisualStudioVersion = 17.11.35303.130
MinimumVisualStudioVersion = 10.0.40219.1
Project("{FAE04EC0-301F-11D3-BF4B-00C04F79EFBC}") = "NeumannVerseny", "NeumannVerseny.csproj", "{82BAA328-5EAF-4E13-BDB3-B798CC8DCA63}"
EndProject
Global
	GlobalSection(SolutionConfigurationPlatforms) = preSolution
		Debug|Any CPU = Debug|Any CPU
		Release|Any CPU = Release|Any CPU
	EndGlobalSection
	GlobalSection(ProjectConfigurationPlatforms) = postSolution
		{82BAA328-5EAF-4E13-BDB3-B798CC8DCA63}.Debug|Any CPU.ActiveCfg = Debug|Any CPU
		{82BAA328-5EAF-4E13-BDB3-B798CC8DCA63}.Debug|Any CPU.Build.0 = Debug|Any CPU
		{82BAA328-5EAF-4E13-BDB3-B798CC8DCA63}.Release|Any CPU.ActiveCfg = Release|Any CPU
		{82BAA328-5EAF-4E13-BDB3-B798CC8DCA63}.Release|Any CPU.Build.0 = Release|Any CPU
	EndGlobalSection
	GlobalSection(SolutionProperties) = preSolution
		HideSolutionNode = FALSE
	EndGlobalSection
	GlobalSection(ExtensibilityGlobals) = postSolution
		SolutionGuid = {2E96D8A3-769F-4F42-8CE7-013BC671D018}
	EndGlobalSection
EndGlobal
